
Microsoft Visual Studio Solution File, Format Version 12.00
# Visual Studio Version 17
VisualStudioVersion = 17.13.35931.197
MinimumVisualStudioVersion = 10.0.40219.1
Project("{FAE04EC0-301F-11D3-BF4B-00C04F79EFBC}") = "Numbers", "Numbers\Numbers.csproj", "{4F9C099D-A7F8-483C-9DEF-71D331F46EC9}"
EndProject
Project("{FAE04EC0-301F-11D3-BF4B-00C04F79EFBC}") = "Student", "Student\Student.csproj", "{8474B0C2-8EE7-4AEB-B648-D92135E8650C}"
EndProject
Global
	GlobalSection(SolutionConfigurationPlatforms) = preSolution
		Debug|Any CPU = Debug|Any CPU
		Release|Any CPU = Release|Any CPU
	EndGlobalSection
	GlobalSection(ProjectConfigurationPlatforms) = postSolution
		{4F9C099D-A7F8-483C-9DEF-71D331F46EC9}.Debug|Any CPU.ActiveCfg = Debug|Any CPU
		{4F9C099D-A7F8-483C-9DEF-71D331F46EC9}.Debug|Any CPU.Build.0 = Debug|Any CPU
		{4F9C099D-A7F8-483C-9DEF-71D331F46EC9}.Release|Any CPU.ActiveCfg = Release|Any CPU
		{4F9C099D-A7F8-483C-9DEF-71D331F46EC9}.Release|Any CPU.Build.0 = Release|Any CPU
		{8474B0C2-8EE7-4AEB-B648-D92135E8650C}.Debug|Any CPU.ActiveCfg = Debug|Any CPU
		{8474B0C2-8EE7-4AEB-B648-D92135E8650C}.Debug|Any CPU.Build.0 = Debug|Any CPU
		{8474B0C2-8EE7-4AEB-B648-D92135E8650C}.Release|Any CPU.ActiveCfg = Release|Any CPU
		{8474B0C2-8EE7-4AEB-B648-D92135E8650C}.Release|Any CPU.Build.0 = Release|Any CPU
	EndGlobalSection
	GlobalSection(SolutionProperties) = preSolution
		HideSolutionNode = FALSE
	EndGlobalSection
	GlobalSection(ExtensibilityGlobals) = postSolution
		SolutionGuid = {885B5B26-8DD8-4E76-935B-8D3968447CB1}
	EndGlobalSection
EndGlobal
